// !$*UTF8*$!
{
	archiveVersion = 1;
	classes = {
	};
	objectVersion = 77;
	objects = {

/* Begin PBXBuildFile section */
		703506E22F087BAE00369AE8 /* KeyboardShortcuts in Frameworks */ = {isa = PBXBuildFile; productRef = 70A1B2C32F08000200369AE8 /* KeyboardShortcuts */; };
		703506E32F087BAF00369AE8 /* KeyboardShortcuts in Frameworks */ = {isa = PBXBuildFile; productRef = 70A1B2C32F08000200369AE8 /* KeyboardShortcuts */; };
		70B0A0012F10000100369AE8 /* Sparkle in Frameworks */ = {isa = PBXBuildFile; productRef = 70B0A0102F10000100369AE8 /* Sparkle */; };
/* End PBXBuildFile section */

/* Begin PBXContainerItemProxy section */
		703505EA2F07BD4F00369AE8 /* PBXContainerItemProxy */ = {
			isa = PBXContainerItemProxy;
			containerPortal = 703505D42F07BD4E00369AE8 /* Project object */;
			proxyType = 1;
			remoteGlobalIDString = 703505DB2F07BD4E00369AE8;
			remoteInfo = AerialFlow;
		};
		703505F42F07BD4F00369AE8 /* PBXContainerItemProxy */ = {
			isa = PBXContainerItemProxy;
			containerPortal = 703505D42F07BD4E00369AE8 /* Project object */;
			proxyType = 1;
			remoteGlobalIDString = 703505DB2F07BD4E00369AE8;
			remoteInfo = AerialFlow;
		};
/* End PBXContainerItemProxy section */

/* Begin PBXFileReference section */
		703505DC2F07BD4E00369AE8 /* AerialFlow.app */ = {isa = PBXFileReference; explicitFileType = wrapper.application; includeInIndex = 0; path = AerialFlow.app; sourceTree = BUILT_PRODUCTS_DIR; };
		703505E92F07BD4F00369AE8 /* AerialFlowTests.xctest */ = {isa = PBXFileReference; explicitFileType = wrapper.cfbundle; includeInIndex = 0; path = AerialFlowTests.xctest; sourceTree = BUILT_PRODUCTS_DIR; };
		703505F32F07BD4F00369AE8 /* AerialFlowUITests.xctest */ = {isa = PBXFileReference; explicitFileType = wrapper.cfbundle; includeInIndex = 0; path = AerialFlowUITests.xctest; sourceTree = BUILT_PRODUCTS_DIR; };
/* End PBXFileReference section */

/* Begin PBXFileSystemSynchronizedRootGroup section */
		703505DE2F07BD4E00369AE8 /* AerialFlow */ = {
			isa = PBXFileSystemSynchronizedRootGroup;
			path = AerialFlow;
			sourceTree = "<group>";
		};
		703505EC2F07BD4F00369AE8 /* AerialFlowTests */ = {
			isa = PBXFileSystemSynchronizedRootGroup;
			path = AerialFlowTests;
			sourceTree = "<group>";
		};
		703505F62F07BD4F00369AE8 /* AerialFlowUITests */ = {
			isa = PBXFileSystemSynchronizedRootGroup;
			path = AerialFlowUITests;
			sourceTree = "<group>";
		};
/* End PBXFileSystemSynchronizedRootGroup section */

/* Begin PBXFrameworksBuildPhase section */
		703505D92F07BD4E00369AE8 /* Frameworks */ = {
			isa = PBXFrameworksBuildPhase;
			buildActionMask = 2147483647;
			files = (
				703506E22F087BAE00369AE8 /* KeyboardShortcuts in Frameworks */,
				70B0A0012F10000100369AE8 /* Sparkle in Frameworks */,
			);
			runOnlyForDeploymentPostprocessing = 0;
		};
		703505E62F07BD4F00369AE8 /* Frameworks */ = {
			isa = PBXFrameworksBuildPhase;
			buildActionMask = 2147483647;
			files = (
				703506E32F087BAF00369AE8 /* KeyboardShortcuts in Frameworks */,
			);
			runOnlyForDeploymentPostprocessing = 0;
		};
		703505F02F07BD4F00369AE8 /* Frameworks */ = {
			isa = PBXFrameworksBuildPhase;
			buildActionMask = 2147483647;
			files = (
			);
			runOnlyForDeploymentPostprocessing = 0;
		};
/* End PBXFrameworksBuildPhase section */

/* Begin PBXGroup section */
		703505D32F07BD4E00369AE8 = {
			isa = PBXGroup;
			children = (
				703505DE2F07BD4E00369AE8 /* AerialFlow */,
				703505EC2F07BD4F00369AE8 /* AerialFlowTests */,
				703505F62F07BD4F00369AE8 /* AerialFlowUITests */,
				703505DD2F07BD4E00369AE8 /* Products */,
			);
			sourceTree = "<group>";
		};
		703505DD2F07BD4E00369AE8 /* Products */ = {
			isa = PBXGroup;
			children = (
				703505DC2F07BD4E00369AE8 /* AerialFlow.app */,
				703505E92F07BD4F00369AE8 /* AerialFlowTests.xctest */,
				703505F32F07BD4F00369AE8 /* AerialFlowUITests.xctest */,
			);
			name = Products;
			sourceTree = "<group>";
		};
/* End PBXGroup section */

/* Begin PBXNativeTarget section */
		703505DB2F07BD4E00369AE8 /* AerialFlow */ = {
			isa = PBXNativeTarget;
			buildConfigurationList = 703505FD2F07BD4F00369AE8 /* Build configuration list for PBXNativeTarget "AerialFlow" */;
			buildPhases = (
				703505D82F07BD4E00369AE8 /* Sources */,
				703505D92F07BD4E00369AE8 /* Frameworks */,
				703505DA2F07BD4E00369AE8 /* Resources */,
			);
			buildRules = (
			);
			dependencies = (
			);
			fileSystemSynchronizedGroups = (
				703505DE2F07BD4E00369AE8 /* AerialFlow */,
			);
			name = AerialFlow;
			packageProductDependencies = (
				70A1B2C32F08000200369AE8 /* KeyboardShortcuts */,
				70B0A0102F10000100369AE8 /* Sparkle */,
			);
			productName = AerialFlow;
			productReference = 703505DC2F07BD4E00369AE8 /* AerialFlow.app */;
			productType = "com.apple.product-type.application";
		};
		703505E82F07BD4F00369AE8 /* AerialFlowTests */ = {
			isa = PBXNativeTarget;
			buildConfigurationList = 703506002F07BD4F00369AE8 /* Build configuration list for PBXNativeTarget "AerialFlowTests" */;
			buildPhases = (
				703505E52F07BD4F00369AE8 /* Sources */,
				703505E62F07BD4F00369AE8 /* Frameworks */,
				703505E72F07BD4F00369AE8 /* Resources */,
			);
			buildRules = (
			);
			dependencies = (
				703505EB2F07BD4F00369AE8 /* PBXTargetDependency */,
			);
			fileSystemSynchronizedGroups = (
				703505EC2F07BD4F00369AE8 /* AerialFlowTests */,
			);
			name = AerialFlowTests;
			packageProductDependencies = (
				70A1B2C32F08000200369AE8 /* KeyboardShortcuts */,
			);
			productName = AerialFlowTests;
			productReference = 703505E92F07BD4F00369AE8 /* AerialFlowTests.xctest */;
			productType = "com.apple.product-type.bundle.unit-test";
		};
		703505F22F07BD4F00369AE8 /* AerialFlowUITests */ = {
			isa = PBXNativeTarget;
			buildConfigurationList = 703506032F07BD4F00369AE8 /* Build configuration list for PBXNativeTarget "AerialFlowUITests" */;
			buildPhases = (
				703505EF2F07BD4F00369AE8 /* Sources */,
				703505F02F07BD4F00369AE8 /* Frameworks */,
				703505F12F07BD4F00369AE8 /* Resources */,
			);
			buildRules = (
			);
			dependencies = (
				703505F52F07BD4F00369AE8 /* PBXTargetDependency */,
			);
			fileSystemSynchronizedGroups = (
				703505F62F07BD4F00369AE8 /* AerialFlowUITests */,
			);
			name = AerialFlowUITests;
			packageProductDependencies = (
			);
			productName = AerialFlowUITests;
			productReference = 703505F32F07BD4F00369AE8 /* AerialFlowUITests.xctest */;
			productType = "com.apple.product-type.bundle.ui-testing";
		};
/* End PBXNativeTarget section */

/* Begin PBXProject section */
		703505D42F07BD4E00369AE8 /* Project object */ = {
			isa = PBXProject;
			attributes = {
				BuildIndependentTargetsInParallel = 1;
				LastSwiftUpdateCheck = 2620;
				LastUpgradeCheck = 2620;
				TargetAttributes = {
					703505DB2F07BD4E00369AE8 = {
						CreatedOnToolsVersion = 26.2;
					};
					703505E82F07BD4F00369AE8 = {
						CreatedOnToolsVersion = 26.2;
						TestTargetID = 703505DB2F07BD4E00369AE8;
					};
					703505F22F07BD4F00369AE8 = {
						CreatedOnToolsVersion = 26.2;
						TestTargetID = 703505DB2F07BD4E00369AE8;
					};
				};
			};
			buildConfigurationList = 703505D72F07BD4E00369AE8 /* Build configuration list for PBXProject "AerialFlow" */;
			developmentRegion = en;
			hasScannedForEncodings = 0;
			knownRegions = (
				en,
				Base,
			);
			mainGroup = 703505D32F07BD4E00369AE8;
			minimizedProjectReferenceProxies = 1;
			packageReferences = (
				70A1B2C32F08000100369AE8 /* XCRemoteSwiftPackageReference "KeyboardShortcuts" */,
				70B0A0002F10000100369AE8 /* XCRemoteSwiftPackageReference "Sparkle" */,
			);
			preferredProjectObjectVersion = 77;
			productRefGroup = 703505DD2F07BD4E00369AE8 /* Products */;
			projectDirPath = "";
			projectRoot = "";
			targets = (
				703505DB2F07BD4E00369AE8 /* AerialFlow */,
				703505E82F07BD4F00369AE8 /* AerialFlowTests */,
				703505F22F07BD4F00369AE8 /* AerialFlowUITests */,
			);
		};
/* End PBXProject section */

/* Begin PBXResourcesBuildPhase section */
		703505DA2F07BD4E00369AE8 /* Resources */ = {
			isa = PBXResourcesBuildPhase;
			buildActionMask = 2147483647;
			files = (
			);
			runOnlyForDeploymentPostprocessing = 0;
		};
		703505E72F07BD4F00369AE8 /* Resources */ = {
			isa = PBXResourcesBuildPhase;
			buildActionMask = 2147483647;
			files = (
			);
			runOnlyForDeploymentPostprocessing = 0;
		};
		703505F12F07BD4F00369AE8 /* Resources */ = {
			isa = PBXResourcesBuildPhase;
			buildActionMask = 2147483647;
			files = (
			);
			runOnlyForDeploymentPostprocessing = 0;
		};
/* End PBXResourcesBuildPhase section */

/* Begin PBXSourcesBuildPhase section */
		703505D82F07BD4E00369AE8 /* Sources */ = {
			isa = PBXSourcesBuildPhase;
			buildActionMask = 2147483647;
			files = (
			);
			runOnlyForDeploymentPostprocessing = 0;
		};
		703505E52F07BD4F00369AE8 /* Sources */ = {
			isa = PBXSourcesBuildPhase;
			buildActionMask = 2147483647;
			files = (
			);
			runOnlyForDeploymentPostprocessing = 0;
		};
		703505EF2F07BD4F00369AE8 /* Sources */ = {
			isa = PBXSourcesBuildPhase;
			buildActionMask = 2147483647;
			files = (
			);
			runOnlyForDeploymentPostprocessing = 0;
		};
/* End PBXSourcesBuildPhase section */

/* Begin PBXTargetDependency section */
		703505EB2F07BD4F00369AE8 /* PBXTargetDependency */ = {
			isa = PBXTargetDependency;
			target = 703505DB2F07BD4E00369AE8 /* AerialFlow */;
			targetProxy = 703505EA2F07BD4F00369AE8 /* PBXContainerItemProxy */;
		};
		703505F52F07BD4F00369AE8 /* PBXTargetDependency */ = {
			isa = PBXTargetDependency;
			target = 703505DB2F07BD4E00369AE8 /* AerialFlow */;
			targetProxy = 703505F42F07BD4F00369AE8 /* PBXContainerItemProxy */;
		};
/* End PBXTargetDependency section */

/* Begin XCBuildConfiguration section */
		703505FB2F07BD4F00369AE8 /* Debug */ = {
			isa = XCBuildConfiguration;
			buildSettings = {
				ALWAYS_SEARCH_USER_PATHS = NO;
				ASSETCATALOG_COMPILER_GENERATE_SWIFT_ASSET_SYMBOL_EXTENSIONS = YES;
				CLANG_ANALYZER_NONNULL = YES;
				CLANG_ANALYZER_NUMBER_OBJECT_CONVERSION = YES_AGGRESSIVE;
				CLANG_CXX_LANGUAGE_STANDARD = "gnu++20";
				CLANG_ENABLE_MODULES = YES;
				CLANG_ENABLE_OBJC_ARC = YES;
				CLANG_ENABLE_OBJC_WEAK = YES;
				CLANG_WARN_BLOCK_CAPTURE_AUTORELEASING = YES;
				CLANG_WARN_BOOL_CONVERSION = YES;
				CLANG_WARN_COMMA = YES;
				CLANG_WARN_CONSTANT_CONVERSION = YES;
				CLANG_WARN_DEPRECATED_OBJC_IMPLEMENTATIONS = YES;
				CLANG_WARN_DIRECT_OBJC_ISA_USAGE = YES_ERROR;
				CLANG_WARN_DOCUMENTATION_COMMENTS = YES;
				CLANG_WARN_EMPTY_BODY = YES;
				CLANG_WARN_ENUM_CONVERSION = YES;
				CLANG_WARN_INFINITE_RECURSION = YES;
				CLANG_WARN_INT_CONVERSION = YES;
				CLANG_WARN_NON_LITERAL_NULL_CONVERSION = YES;
				CLANG_WARN_OBJC_IMPLICIT_RETAIN_SELF = YES;
				CLANG_WARN_OBJC_LITERAL_CONVERSION = YES;
				CLANG_WARN_OBJC_ROOT_CLASS = YES_ERROR;
				CLANG_WARN_QUOTED_INCLUDE_IN_FRAMEWORK_HEADER = YES;
				CLANG_WARN_RANGE_LOOP_ANALYSIS = YES;
				CLANG_WARN_STRICT_PROTOTYPES = YES;
				CLANG_WARN_SUSPICIOUS_MOVE = YES;
				CLANG_WARN_UNGUARDED_AVAILABILITY = YES_AGGRESSIVE;
				CLANG_WARN_UNREACHABLE_CODE = YES;
				CLANG_WARN__DUPLICATE_METHOD_MATCH = YES;
				COPY_PHASE_STRIP = NO;
				DEBUG_INFORMATION_FORMAT = dwarf;
				DEVELOPMENT_TEAM = "";
				ENABLE_STRICT_OBJC_MSGSEND = YES;
				ENABLE_TESTABILITY = YES;
				ENABLE_USER_SCRIPT_SANDBOXING = YES;
				GCC_C_LANGUAGE_STANDARD = gnu17;
				GCC_DYNAMIC_NO_PIC = NO;
				GCC_NO_COMMON_BLOCKS = YES;
				GCC_OPTIMIZATION_LEVEL = 0;
				GCC_PREPROCESSOR_DEFINITIONS = (
					"DEBUG=1",
					"$(inherited)",
				);
				GCC_WARN_64_TO_32_BIT_CONVERSION = YES;
				GCC_WARN_ABOUT_RETURN_TYPE = YES_ERROR;
				GCC_WARN_UNDECLARED_SELECTOR = YES;
				GCC_WARN_UNINITIALIZED_AUTOS = YES_AGGRESSIVE;
				GCC_WARN_UNUSED_FUNCTION = YES;
				GCC_WARN_UNUSED_VARIABLE = YES;
				LOCALIZATION_PREFERS_STRING_CATALOGS = YES;
				MACOSX_DEPLOYMENT_TARGET = 26.2;
				MTL_ENABLE_DEBUG_INFO = INCLUDE_SOURCE;
				MTL_FAST_MATH = YES;
				ONLY_ACTIVE_ARCH = YES;
				SDKROOT = macosx;
				SWIFT_ACTIVE_COMPILATION_CONDITIONS = "DEBUG $(inherited)";
				SWIFT_OPTIMIZATION_LEVEL = "-Onone";
			};
			name = Debug;
		};
		703505FC2F07BD4F00369AE8 /* Release */ = {
			isa = XCBuildConfiguration;
			buildSettings = {
				ALWAYS_SEARCH_USER_PATHS = NO;
				ASSETCATALOG_COMPILER_GENERATE_SWIFT_ASSET_SYMBOL_EXTENSIONS = YES;
				CLANG_ANALYZER_NONNULL = YES;
				CLANG_ANALYZER_NUMBER_OBJECT_CONVERSION = YES_AGGRESSIVE;
				CLANG_CXX_LANGUAGE_STANDARD = "gnu++20";
				CLANG_ENABLE_MODULES = YES;
				CLANG_ENABLE_OBJC_ARC = YES;
				CLANG_ENABLE_OBJC_WEAK = YES;
				CLANG_WARN_BLOCK_CAPTURE_AUTORELEASING = YES;
				CLANG_WARN_BOOL_CONVERSION = YES;
				CLANG_WARN_COMMA = YES;
				CLANG_WARN_CONSTANT_CONVERSION = YES;
				CLANG_WARN_DEPRECATED_OBJC_IMPLEMENTATIONS = YES;
				CLANG_WARN_DIRECT_OBJC_ISA_USAGE = YES_ERROR;
				CLANG_WARN_DOCUMENTATION_COMMENTS = YES;
				CLANG_WARN_EMPTY_BODY = YES;
				CLANG_WARN_ENUM_CONVERSION = YES;
				CLANG_WARN_INFINITE_RECURSION = YES;
				CLANG_WARN_INT_CONVERSION = YES;
				CLANG_WARN_NON_LITERAL_NULL_CONVERSION = YES;
				CLANG_WARN_OBJC_IMPLICIT_RETAIN_SELF = YES;
				CLANG_WARN_OBJC_LITERAL_CONVERSION = YES;
				CLANG_WARN_OBJC_ROOT_CLASS = YES_ERROR;
				CLANG_WARN_QUOTED_INCLUDE_IN_FRAMEWORK_HEADER = YES;
				CLANG_WARN_RANGE_LOOP_ANALYSIS = YES;
				CLANG_WARN_STRICT_PROTOTYPES = YES;
				CLANG_WARN_SUSPICIOUS_MOVE = YES;
				CLANG_WARN_UNGUARDED_AVAILABILITY = YES_AGGRESSIVE;
				CLANG_WARN_UNREACHABLE_CODE = YES;
				CLANG_WARN__DUPLICATE_METHOD_MATCH = YES;
				COPY_PHASE_STRIP = NO;
				DEBUG_INFORMATION_FORMAT = "dwarf-with-dsym";
				DEVELOPMENT_TEAM = "";
				ENABLE_NS_ASSERTIONS = NO;
				ENABLE_STRICT_OBJC_MSGSEND = YES;
				ENABLE_USER_SCRIPT_SANDBOXING = YES;
				GCC_C_LANGUAGE_STANDARD = gnu17;
				GCC_NO_COMMON_BLOCKS = YES;
				GCC_WARN_64_TO_32_BIT_CONVERSION = YES;
				GCC_WARN_ABOUT_RETURN_TYPE = YES_ERROR;
				GCC_WARN_UNDECLARED_SELECTOR = YES;
				GCC_WARN_UNINITIALIZED_AUTOS = YES_AGGRESSIVE;
				GCC_WARN_UNUSED_FUNCTION = YES;
				GCC_WARN_UNUSED_VARIABLE = YES;
				LOCALIZATION_PREFERS_STRING_CATALOGS = YES;
				MACOSX_DEPLOYMENT_TARGET = 26.2;
				MTL_ENABLE_DEBUG_INFO = NO;
				MTL_FAST_MATH = YES;
				SDKROOT = macosx;
				SWIFT_COMPILATION_MODE = wholemodule;
			};
			name = Release;
		};
		703505FE2F07BD4F00369AE8 /* Debug */ = {
			isa = XCBuildConfiguration;
			buildSettings = {
				ASSETCATALOG_COMPILER_APPICON_NAME = AppIcon;
				ASSETCATALOG_COMPILER_GLOBAL_ACCENT_COLOR_NAME = AccentColor;
				ASSETCATALOG_COMPILER_INCLUDE_ALL_APPICON_ASSETS = YES;
				CODE_SIGNING_ALLOWED = YES;
				CODE_SIGNING_REQUIRED = YES;
				CODE_SIGN_IDENTITY = "-";
				"CODE_SIGN_IDENTITY[sdk=macosx*]" = "-";
				CODE_SIGN_STYLE = Manual;
				COMBINE_HIDPI_IMAGES = YES;
				CURRENT_PROJECT_VERSION = 8;
				DEVELOPMENT_TEAM = "";
				ENABLE_APP_SANDBOX = NO;
				ENABLE_HARDENED_RUNTIME = YES;
				ENABLE_PREVIEWS = YES;
				ENABLE_USER_SELECTED_FILES = readonly;
				GCC_TREAT_WARNINGS_AS_ERRORS = YES;
				GENERATE_INFOPLIST_FILE = YES;
				INFOPLIST_KEY_CFBundleDisplayName = AerialFlow;
				INFOPLIST_KEY_LSApplicationCategoryType = "public.app-category.utilities";
				INFOPLIST_KEY_LSUIElement = YES;
				INFOPLIST_KEY_NSHumanReadableCopyright = "";
				INFOPLIST_KEY_SUFeedURL = "https://github.com/second-arrow/AerialFlow/releases/latest/download/appcast.xml";
				INFOPLIST_KEY_SUPublicEDKey = "yKiWLk0QTYzR6rJNjpM7gmMpd+H44mTPn5rguuGra7I=";
				INFOPLIST_KEY_SUScheduledCheckInterval = 604800;
				LD_RUNPATH_SEARCH_PATHS = (
					"$(inherited)",
					"@executable_path/../Frameworks",
				);
				MACOSX_DEPLOYMENT_TARGET = 15.6;
				MARKETING_VERSION = 1.0.6;
				PRODUCT_BUNDLE_IDENTIFIER = com.secondarrow.AerialFlow;
				PRODUCT_NAME = "$(TARGET_NAME)";
				REGISTER_APP_GROUPS = YES;
				STRING_CATALOG_GENERATE_SYMBOLS = YES;
				SWIFT_APPROACHABLE_CONCURRENCY = YES;
				SWIFT_EMIT_LOC_STRINGS = YES;
				SWIFT_TREAT_WARNINGS_AS_ERRORS = YES;
				SWIFT_UPCOMING_FEATURE_MEMBER_IMPORT_VISIBILITY = YES;
				SWIFT_VERSION = 5.0;
			};
			name = Debug;
		};
		703505FF2F07BD4F00369AE8 /* Release */ = {
			isa = XCBuildConfiguration;
			buildSettings = {
				ASSETCATALOG_COMPILER_APPICON_NAME = AppIcon;
				ASSETCATALOG_COMPILER_GLOBAL_ACCENT_COLOR_NAME = AccentColor;
				ASSETCATALOG_COMPILER_INCLUDE_ALL_APPICON_ASSETS = YES;
				CODE_SIGNING_ALLOWED = NO;
				CODE_SIGNING_REQUIRED = NO;
				CODE_SIGN_IDENTITY = "";
				"CODE_SIGN_IDENTITY[sdk=macosx*]" = "";
				CODE_SIGN_STYLE = Automatic;
				COMBINE_HIDPI_IMAGES = YES;
				CURRENT_PROJECT_VERSION = 8;
				DEVELOPMENT_TEAM = "";
				ENABLE_APP_SANDBOX = NO;
				ENABLE_HARDENED_RUNTIME = YES;
				ENABLE_PREVIEWS = YES;
				ENABLE_USER_SELECTED_FILES = readonly;
				GCC_TREAT_WARNINGS_AS_ERRORS = YES;
				GENERATE_INFOPLIST_FILE = YES;
				INFOPLIST_KEY_CFBundleDisplayName = AerialFlow;
				INFOPLIST_KEY_LSApplicationCategoryType = "public.app-category.utilities";
				INFOPLIST_KEY_LSUIElement = YES;
				INFOPLIST_KEY_NSHumanReadableCopyright = "";
				INFOPLIST_KEY_SUFeedURL = "https://github.com/second-arrow/AerialFlow/releases/latest/download/appcast.xml";
				INFOPLIST_KEY_SUPublicEDKey = "yKiWLk0QTYzR6rJNjpM7gmMpd+H44mTPn5rguuGra7I=";
				INFOPLIST_KEY_SUScheduledCheckInterval = 604800;
				LD_RUNPATH_SEARCH_PATHS = (
					"$(inherited)",
					"@executable_path/../Frameworks",
				);
				MACOSX_DEPLOYMENT_TARGET = 15.6;
				MARKETING_VERSION = 1.0.6;
				PRODUCT_BUNDLE_IDENTIFIER = com.secondarrow.AerialFlow;
				PRODUCT_NAME = "$(TARGET_NAME)";
				REGISTER_APP_GROUPS = YES;
				STRING_CATALOG_GENERATE_SYMBOLS = YES;
				SWIFT_APPROACHABLE_CONCURRENCY = YES;
				SWIFT_EMIT_LOC_STRINGS = YES;
				SWIFT_TREAT_WARNINGS_AS_ERRORS = YES;
				SWIFT_UPCOMING_FEATURE_MEMBER_IMPORT_VISIBILITY = YES;
				SWIFT_VERSION = 5.0;
			};
			name = Release;
		};
		703506012F07BD4F00369AE8 /* Debug */ = {
			isa = XCBuildConfiguration;
			buildSettings = {
				BUNDLE_LOADER = "$(TEST_HOST)";
				CODE_SIGNING_ALLOWED = YES;
				CODE_SIGNING_REQUIRED = YES;
				CODE_SIGN_IDENTITY = "-";
				"CODE_SIGN_IDENTITY[sdk=macosx*]" = "-";
				CODE_SIGN_STYLE = Manual;
				CURRENT_PROJECT_VERSION = 8;
				DEVELOPMENT_TEAM = "";
				GCC_TREAT_WARNINGS_AS_ERRORS = YES;
				GENERATE_INFOPLIST_FILE = YES;
				MACOSX_DEPLOYMENT_TARGET = 26.2;
				MARKETING_VERSION = 1.0.6;
				PRODUCT_BUNDLE_IDENTIFIER = com.secondarrow.AerialFlowTests;
				PRODUCT_NAME = "$(TARGET_NAME)";
				STRING_CATALOG_GENERATE_SYMBOLS = NO;
				SWIFT_APPROACHABLE_CONCURRENCY = YES;
				SWIFT_EMIT_LOC_STRINGS = NO;
				SWIFT_TREAT_WARNINGS_AS_ERRORS = YES;
				SWIFT_UPCOMING_FEATURE_MEMBER_IMPORT_VISIBILITY = YES;
				SWIFT_VERSION = 5.0;
				TEST_HOST = "$(BUILT_PRODUCTS_DIR)/AerialFlow.app/$(BUNDLE_EXECUTABLE_FOLDER_PATH)/AerialFlow";
			};
			name = Debug;
		};
		703506022F07BD4F00369AE8 /* Release */ = {
			isa = XCBuildConfiguration;
			buildSettings = {
				BUNDLE_LOADER = "$(TEST_HOST)";
				CODE_SIGNING_ALLOWED = NO;
				CODE_SIGNING_REQUIRED = NO;
				CODE_SIGN_IDENTITY = "";
				"CODE_SIGN_IDENTITY[sdk=macosx*]" = "";
				CODE_SIGN_STYLE = Automatic;
				CURRENT_PROJECT_VERSION = 8;
				DEVELOPMENT_TEAM = "";
				GCC_TREAT_WARNINGS_AS_ERRORS = YES;
				GENERATE_INFOPLIST_FILE = YES;
				MACOSX_DEPLOYMENT_TARGET = 26.2;
				MARKETING_VERSION = 1.0.6;
				PRODUCT_BUNDLE_IDENTIFIER = com.secondarrow.AerialFlowTests;
				PRODUCT_NAME = "$(TARGET_NAME)";
				STRING_CATALOG_GENERATE_SYMBOLS = NO;
				SWIFT_APPROACHABLE_CONCURRENCY = YES;
				SWIFT_EMIT_LOC_STRINGS = NO;
				SWIFT_TREAT_WARNINGS_AS_ERRORS = YES;
				SWIFT_UPCOMING_FEATURE_MEMBER_IMPORT_VISIBILITY = YES;
				SWIFT_VERSION = 5.0;
				TEST_HOST = "$(BUILT_PRODUCTS_DIR)/AerialFlow.app/$(BUNDLE_EXECUTABLE_FOLDER_PATH)/AerialFlow";
			};
			name = Release;
		};
		703506042F07BD4F00369AE8 /* Debug */ = {
			isa = XCBuildConfiguration;
			buildSettings = {
				CODE_SIGNING_ALLOWED = YES;
				CODE_SIGNING_REQUIRED = YES;
				CODE_SIGN_IDENTITY = "-";
				"CODE_SIGN_IDENTITY[sdk=macosx*]" = "-";
				CODE_SIGN_STYLE = Manual;
				CURRENT_PROJECT_VERSION = 8;
				DEVELOPMENT_TEAM = "";
				GCC_TREAT_WARNINGS_AS_ERRORS = YES;
				GENERATE_INFOPLIST_FILE = YES;
				MARKETING_VERSION = 1.0.6;
				PRODUCT_BUNDLE_IDENTIFIER = com.secondarrow.AerialFlowUITests;
				PRODUCT_NAME = "$(TARGET_NAME)";
				STRING_CATALOG_GENERATE_SYMBOLS = NO;
				SWIFT_APPROACHABLE_CONCURRENCY = YES;
				SWIFT_EMIT_LOC_STRINGS = NO;
				SWIFT_TREAT_WARNINGS_AS_ERRORS = YES;
				SWIFT_UPCOMING_FEATURE_MEMBER_IMPORT_VISIBILITY = YES;
				SWIFT_VERSION = 5.0;
				TEST_TARGET_NAME = AerialFlow;
			};
			name = Debug;
		};
		703506052F07BD4F00369AE8 /* Release */ = {
			isa = XCBuildConfiguration;
			buildSettings = {
				CODE_SIGNING_ALLOWED = NO;
				CODE_SIGNING_REQUIRED = NO;
				CODE_SIGN_IDENTITY = "";
				"CODE_SIGN_IDENTITY[sdk=macosx*]" = "";
				CODE_SIGN_STYLE = Automatic;
				CURRENT_PROJECT_VERSION = 8;
				DEVELOPMENT_TEAM = "";
				GCC_TREAT_WARNINGS_AS_ERRORS = YES;
				GENERATE_INFOPLIST_FILE = YES;
				MARKETING_VERSION = 1.0.6;
				PRODUCT_BUNDLE_IDENTIFIER = com.secondarrow.AerialFlowUITests;
				PRODUCT_NAME = "$(TARGET_NAME)";
				STRING_CATALOG_GENERATE_SYMBOLS = NO;
				SWIFT_APPROACHABLE_CONCURRENCY = YES;
				SWIFT_EMIT_LOC_STRINGS = NO;
				SWIFT_TREAT_WARNINGS_AS_ERRORS = YES;
				SWIFT_UPCOMING_FEATURE_MEMBER_IMPORT_VISIBILITY = YES;
				SWIFT_VERSION = 5.0;
				TEST_TARGET_NAME = AerialFlow;
			};
			name = Release;
		};
/* End XCBuildConfiguration section */

/* Begin XCConfigurationList section */
		703505D72F07BD4E00369AE8 /* Build configuration list for PBXProject "AerialFlow" */ = {
			isa = XCConfigurationList;
			buildConfigurations = (
				703505FB2F07BD4F00369AE8 /* Debug */,
				703505FC2F07BD4F00369AE8 /* Release */,
			);
			defaultConfigurationIsVisible = 0;
			defaultConfigurationName = Release;
		};
		703505FD2F07BD4F00369AE8 /* Build configuration list for PBXNativeTarget "AerialFlow" */ = {
			isa = XCConfigurationList;
			buildConfigurations = (
				703505FE2F07BD4F00369AE8 /* Debug */,
				703505FF2F07BD4F00369AE8 /* Release */,
			);
			defaultConfigurationIsVisible = 0;
			defaultConfigurationName = Release;
		};
		703506002F07BD4F00369AE8 /* Build configuration list for PBXNativeTarget "AerialFlowTests" */ = {
			isa = XCConfigurationList;
			buildConfigurations = (
				703506012F07BD4F00369AE8 /* Debug */,
				703506022F07BD4F00369AE8 /* Release */,
			);
			defaultConfigurationIsVisible = 0;
			defaultConfigurationName = Release;
		};
		703506032F07BD4F00369AE8 /* Build configuration list for PBXNativeTarget "AerialFlowUITests" */ = {
			isa = XCConfigurationList;
			buildConfigurations = (
				703506042F07BD4F00369AE8 /* Debug */,
				703506052F07BD4F00369AE8 /* Release */,
			);
			defaultConfigurationIsVisible = 0;
			defaultConfigurationName = Release;
		};
/* End XCConfigurationList section */

/* Begin XCRemoteSwiftPackageReference section */
		70A1B2C32F08000100369AE8 /* XCRemoteSwiftPackageReference "KeyboardShortcuts" */ = {
			isa = XCRemoteSwiftPackageReference;
			repositoryURL = "https://github.com/sindresorhus/KeyboardShortcuts";
			requirement = {
				kind = upToNextMajorVersion;
				minimumVersion = 2.2.0;
			};
		};
		70B0A0002F10000100369AE8 /* XCRemoteSwiftPackageReference "Sparkle" */ = {
			isa = XCRemoteSwiftPackageReference;
			repositoryURL = "https://github.com/sparkle-project/Sparkle";
			requirement = {
				kind = upToNextMajorVersion;
				minimumVersion = 2.0.0;
			};
		};
/* End XCRemoteSwiftPackageReference section */

/* Begin XCSwiftPackageProductDependency section */
		70A1B2C32F08000200369AE8 /* KeyboardShortcuts */ = {
			isa = XCSwiftPackageProductDependency;
			package = 70A1B2C32F08000100369AE8 /* XCRemoteSwiftPackageReference "KeyboardShortcuts" */;
			productName = KeyboardShortcuts;
		};
		70B0A0102F10000100369AE8 /* Sparkle */ = {
			isa = XCSwiftPackageProductDependency;
			package = 70B0A0002F10000100369AE8 /* XCRemoteSwiftPackageReference "Sparkle" */;
			productName = Sparkle;
		};
/* End XCSwiftPackageProductDependency section */
	};
	rootObject = 703505D42F07BD4E00369AE8 /* Project object */;
}
